{
  "version": 4,
  "terraform_version": "1.6.0",
  "serial": 42,
  "lineage": "abc-123",
  "outputs": {},
  "resources": [
    {
      "mode": "managed",
      "type": "aws_instance",
      "name": "web",
      "provider": "provider[\"registry.terraform.io/hashicorp/aws\"]",
      "instances": [
        {
          "attributes": {
            "id": "i-0123456789abcdef0",
            "ami": "ami-0abc123",
            "instance_type": "t3.micro",
            "availability_zone": "us-east-1a",
            "tenancy": "default",
            "ebs_optimized": false,
            "monitoring": false,
            "tags": {
              "Environment": "dev",
              "Name": "web"
            },
            "tags_all": {
              "Environment": "dev",
              "Name": "web"
            }
          }
        }
      ]
    },
    {
      "mode": "managed",
      "type": "aws_s3_bucket",
      "name": "logs",
      "provider": "provider[\"registry.terraform.io/hashicorp/aws\"]",
      "instances": [
        {
          "attributes": {
            "id": "my-company-logs-dev",
            "bucket": "my-company-logs-dev",
            "force_destroy": false,
            "tags": {
              "Environment": "dev"
            },
            "tags_all": {
              "Environment": "dev"
            }
          }
        }
      ]
    },
    {
      "mode": "managed",
      "type": "aws_security_group",
      "name": "web",
      "provider": "provider[\"registry.terraform.io/hashicorp/aws\"]",
      "instances": [
        {
          "attributes": {
            "id": "sg-0abc123def456",
            "name": "web-sg",
            "description": "Web tier",
            "vpc_id": "vpc-0123456789abcdef0",
            "tags": {
              "Environment": "dev"
            },
            "tags_all": {
              "Environment": "dev"
            }
          }
        }
      ]
    }
  ]
}